
Microsoft Visual Studio Solution File, Format Version 12.00
# Visual Studio Version 17
VisualStudioVersion = 17.9.34616.47
MinimumVisualStudioVersion = 10.0.40219.1
Project("{9A19103F-16F7-4668-BE54-9A1E7A4F7556}") = "DoublyCircularLinkedList", "DoublyCircularLinkedList.csproj", "{1421FCEA-4DBE-43B2-9D82-D36D9F07D927}"
EndProject
Project("{9A19103F-16F7-4668-BE54-9A1E7A4F7556}") = "DoublyCircularLinkedListFacts", "..\DoublyCircularLinkedListFacts\DoublyCircularLinkedListFacts.csproj", "{F044040D-81D9-496E-8E32-90F882EB6524}"
EndProject
Global
	GlobalSection(SolutionConfigurationPlatforms) = preSolution
		Debug|Any CPU = Debug|Any CPU
		Release|Any CPU = Release|Any CPU
	EndGlobalSection
	GlobalSection(ProjectConfigurationPlatforms) = postSolution
		{1421FCEA-4DBE-43B2-9D82-D36D9F07D927}.Debug|Any CPU.ActiveCfg = Debug|Any CPU
		{1421FCEA-4DBE-43B2-9D82-D36D9F07D927}.Debug|Any CPU.Build.0 = Debug|Any CPU
		{1421FCEA-4DBE-43B2-9D82-D36D9F07D927}.Release|Any CPU.ActiveCfg = Release|Any CPU
		{1421FCEA-4DBE-43B2-9D82-D36D9F07D927}.Release|Any CPU.Build.0 = Release|Any CPU
		{F044040D-81D9-496E-8E32-90F882EB6524}.Debug|Any CPU.ActiveCfg = Debug|Any CPU
		{F044040D-81D9-496E-8E32-90F882EB6524}.Debug|Any CPU.Build.0 = Debug|Any CPU
		{F044040D-81D9-496E-8E32-90F882EB6524}.Release|Any CPU.ActiveCfg = Release|Any CPU
		{F044040D-81D9-496E-8E32-90F882EB6524}.Release|Any CPU.Build.0 = Release|Any CPU
	EndGlobalSection
	GlobalSection(SolutionProperties) = preSolution
		HideSolutionNode = FALSE
	EndGlobalSection
	GlobalSection(ExtensibilityGlobals) = postSolution
		SolutionGuid = {D242D68D-90B8-483B-B012-AD68988BAD6F}
	EndGlobalSection
EndGlobal
